
Microsoft Visual Studio Solution File, Format Version 12.00
# Visual Studio Version 17
VisualStudioVersion = 17.8.34525.116
MinimumVisualStudioVersion = 10.0.40219.1
Project("{9A19103F-16F7-4668-BE54-9A1E7A4F7556}") = "Pizza.API", "Pizza.API\Pizza.API.csproj", "{D2235D7B-022D-4621-A0D9-BBB06A9DF9FB}"
EndProject
Project("{9A19103F-16F7-4668-BE54-9A1E7A4F7556}") = "Pizza.Core", "Pizza.Core\Pizza.Core.csproj", "{FA501075-D397-499B-B3CF-45FFC25E6887}"
EndProject
Project("{9A19103F-16F7-4668-BE54-9A1E7A4F7556}") = "Pizza.Front", "Pizza.Front\Pizza.Front.csproj", "{A8BB465C-DC68-4F9A-9E20-0AED50C91A7A}"
EndProject
Global
	GlobalSection(SolutionConfigurationPlatforms) = preSolution
		Debug|Any CPU = Debug|Any CPU
		Release|Any CPU = Release|Any CPU
	EndGlobalSection
	GlobalSection(ProjectConfigurationPlatforms) = postSolution
		{D2235D7B-022D-4621-A0D9-BBB06A9DF9FB}.Debug|Any CPU.ActiveCfg = Debug|Any CPU
		{D2235D7B-022D-4621-A0D9-BBB06A9DF9FB}.Debug|Any CPU.Build.0 = Debug|Any CPU
		{D2235D7B-022D-4621-A0D9-BBB06A9DF9FB}.Release|Any CPU.ActiveCfg = Release|Any CPU
		{D2235D7B-022D-4621-A0D9-BBB06A9DF9FB}.Release|Any CPU.Build.0 = Release|Any CPU
		{FA501075-D397-499B-B3CF-45FFC25E6887}.Debug|Any CPU.ActiveCfg = Debug|Any CPU
		{FA501075-D397-499B-B3CF-45FFC25E6887}.Debug|Any CPU.Build.0 = Debug|Any CPU
		{FA501075-D397-499B-B3CF-45FFC25E6887}.Release|Any CPU.ActiveCfg = Release|Any CPU
		{FA501075-D397-499B-B3CF-45FFC25E6887}.Release|Any CPU.Build.0 = Release|Any CPU
		{A8BB465C-DC68-4F9A-9E20-0AED50C91A7A}.Debug|Any CPU.ActiveCfg = Debug|Any CPU
		{A8BB465C-DC68-4F9A-9E20-0AED50C91A7A}.Debug|Any CPU.Build.0 = Debug|Any CPU
		{A8BB465C-DC68-4F9A-9E20-0AED50C91A7A}.Release|Any CPU.ActiveCfg = Release|Any CPU
		{A8BB465C-DC68-4F9A-9E20-0AED50C91A7A}.Release|Any CPU.Build.0 = Release|Any CPU
	EndGlobalSection
	GlobalSection(SolutionProperties) = preSolution
		HideSolutionNode = FALSE
	EndGlobalSection
	GlobalSection(ExtensibilityGlobals) = postSolution
		SolutionGuid = {AA0751C4-D6AB-433A-917A-E64210C2CD91}
	EndGlobalSection
EndGlobal
